
Microsoft Visual Studio Solution File, Format Version 12.00
# Visual Studio Version 17
VisualStudioVersion = 17.14.36408.4 d17.14
MinimumVisualStudioVersion = 10.0.40219.1
Project("{FAE04EC0-301F-11D3-BF4B-00C04F79EFBC}") = "back_end", "back_end.csproj", "{05860E69-B455-4C20-A15E-3A3F588AAC24}"
EndProject
Global
	GlobalSection(SolutionConfigurationPlatforms) = preSolution
		Debug|Any CPU = Debug|Any CPU
		Release|Any CPU = Release|Any CPU
	EndGlobalSection
	GlobalSection(ProjectConfigurationPlatforms) = postSolution
		{05860E69-B455-4C20-A15E-3A3F588AAC24}.Debug|Any CPU.ActiveCfg = Debug|Any CPU
		{05860E69-B455-4C20-A15E-3A3F588AAC24}.Debug|Any CPU.Build.0 = Debug|Any CPU
		{05860E69-B455-4C20-A15E-3A3F588AAC24}.Release|Any CPU.ActiveCfg = Release|Any CPU
		{05860E69-B455-4C20-A15E-3A3F588AAC24}.Release|Any CPU.Build.0 = Release|Any CPU
	EndGlobalSection
	GlobalSection(SolutionProperties) = preSolution
		HideSolutionNode = FALSE
	EndGlobalSection
	GlobalSection(ExtensibilityGlobals) = postSolution
		SolutionGuid = {14886363-9E17-43EB-8247-FFAF130AA936}
	EndGlobalSection
EndGlobal
